# This file is automatically @generated by Cargo.
# It is not intended for manual editing.
version = 4

[[package]]
name = "agent-builder"
version = "0.1.0"

[[package]]
name = "agent_builder"
version = "0.1.0"

[[package]]
name = "agent_container"
version = "0.1.0"

[[package]]
name = "agent_controller"
version = "0.1.0"

[[package]]
name = "agent_design_compiler"
version = "0.1.0"

[[package]]
name = "agent_instance"
version = "0.1.0"
